# THIS IS AN AUTOGENERATED FILE. DO NOT EDIT THIS FILE DIRECTLY.
# yarn lockfile v1


object-assign@^4.1.1:
  version "4.1.1"
  resolved "https://registry.yarnpkg.com/object-assign/-/object-assign-4.1.1.tgz#2109adc7965887cfc05cbbd442cac8bfbb360863"
  integrity sha1-IQmtx5ZYh8/AXLvUQsrIv7s2CGM=

react-iframe@^1.8.0:
  version "1.8.0"
  resolved "https://registry.yarnpkg.com/react-iframe/-/react-iframe-1.8.0.tgz#8c78f2c59b894ca5605fa7e45e61e27e57e96091"
  integrity sha512-NYi89+rEqREwQxW9sDf+akh6/dtwWd3bOjByoVEIQ7SicOxVawRMer3pLdWjFaHXpuxTB9NqobPf/Ohj2iAKkg==
  dependencies:
    object-assign "^4.1.1"
